
Microsoft Visual Studio Solution File, Format Version 10.00
# Visual C++ Express 2008
Project("{8BC9CEB8-8B4A-11D0-8D11-00A0C91BC942}") = "ODBCQuery", "ODBCQuery\ODBCQuery.vcproj", "{5BBFBF51-DEA4-4204-BB6E-84AF3C0BD72D}"
	ProjectSection(ProjectDependencies) = postProject
		{DAC7628E-B26E-4612-B11A-514F8E76D0DE} = {DAC7628E-B26E-4612-B11A-514F8E76D0DE}
		{4C8352D9-ED0B-4C67-A13B-60490E77F27F} = {4C8352D9-ED0B-4C67-A13B-60490E77F27F}
		{623F86E0-0858-43E8-9859-540776302DDF} = {623F86E0-0858-43E8-9859-540776302DDF}
		{1FCDC1F4-B983-4E5C-957E-3F3D649CA1C2} = {1FCDC1F4-B983-4E5C-957E-3F3D649CA1C2}
	EndProjectSection
EndProject
Project("{8BC9CEB8-8B4A-11D0-8D11-00A0C91BC942}") = "ODBCTrace", "ODBCTrace\ODBCTrace.vcproj", "{4C8352D9-ED0B-4C67-A13B-60490E77F27F}"
EndProject
Project("{8BC9CEB8-8B4A-11D0-8D11-00A0C91BC942}") = "TouchVer", "TouchVer\TouchVer.vcproj", "{1FCDC1F4-B983-4E5C-957E-3F3D649CA1C2}"
EndProject
Project("{8BC9CEB8-8B4A-11D0-8D11-00A0C91BC942}") = "makedef", "makedef\makedef.vcproj", "{DAC7628E-B26E-4612-B11A-514F8E76D0DE}"
EndProject
Project("{8BC9CEB8-8B4A-11D0-8D11-00A0C91BC942}") = "makelic", "makelic\makelic.vcproj", "{623F86E0-0858-43E8-9859-540776302DDF}"
EndProject
Global
	GlobalSection(SolutionConfigurationPlatforms) = preSolution
		Common|Win32 = Common|Win32
		Debug|Win32 = Debug|Win32
		Release|Win32 = Release|Win32
		System32|Win32 = System32|Win32
	EndGlobalSection
	GlobalSection(ProjectConfigurationPlatforms) = postSolution
		{5BBFBF51-DEA4-4204-BB6E-84AF3C0BD72D}.Common|Win32.ActiveCfg = System32|Win32
		{5BBFBF51-DEA4-4204-BB6E-84AF3C0BD72D}.Common|Win32.Build.0 = System32|Win32
		{5BBFBF51-DEA4-4204-BB6E-84AF3C0BD72D}.Debug|Win32.ActiveCfg = Debug|Win32
		{5BBFBF51-DEA4-4204-BB6E-84AF3C0BD72D}.Debug|Win32.Build.0 = Debug|Win32
		{5BBFBF51-DEA4-4204-BB6E-84AF3C0BD72D}.Release|Win32.ActiveCfg = Release|Win32
		{5BBFBF51-DEA4-4204-BB6E-84AF3C0BD72D}.Release|Win32.Build.0 = Release|Win32
		{5BBFBF51-DEA4-4204-BB6E-84AF3C0BD72D}.System32|Win32.ActiveCfg = System32|Win32
		{5BBFBF51-DEA4-4204-BB6E-84AF3C0BD72D}.System32|Win32.Build.0 = System32|Win32
		{4C8352D9-ED0B-4C67-A13B-60490E77F27F}.Common|Win32.ActiveCfg = Common|Win32
		{4C8352D9-ED0B-4C67-A13B-60490E77F27F}.Common|Win32.Build.0 = Common|Win32
		{4C8352D9-ED0B-4C67-A13B-60490E77F27F}.Debug|Win32.ActiveCfg = Common|Win32
		{4C8352D9-ED0B-4C67-A13B-60490E77F27F}.Debug|Win32.Build.0 = Common|Win32
		{4C8352D9-ED0B-4C67-A13B-60490E77F27F}.Release|Win32.ActiveCfg = Common|Win32
		{4C8352D9-ED0B-4C67-A13B-60490E77F27F}.Release|Win32.Build.0 = Common|Win32
		{4C8352D9-ED0B-4C67-A13B-60490E77F27F}.System32|Win32.ActiveCfg = Common|Win32
		{4C8352D9-ED0B-4C67-A13B-60490E77F27F}.System32|Win32.Build.0 = Common|Win32
		{1FCDC1F4-B983-4E5C-957E-3F3D649CA1C2}.Common|Win32.ActiveCfg = Common|Win32
		{1FCDC1F4-B983-4E5C-957E-3F3D649CA1C2}.Common|Win32.Build.0 = Common|Win32
		{1FCDC1F4-B983-4E5C-957E-3F3D649CA1C2}.Debug|Win32.ActiveCfg = Common|Win32
		{1FCDC1F4-B983-4E5C-957E-3F3D649CA1C2}.Debug|Win32.Build.0 = Common|Win32
		{1FCDC1F4-B983-4E5C-957E-3F3D649CA1C2}.Release|Win32.ActiveCfg = Common|Win32
		{1FCDC1F4-B983-4E5C-957E-3F3D649CA1C2}.Release|Win32.Build.0 = Common|Win32
		{1FCDC1F4-B983-4E5C-957E-3F3D649CA1C2}.System32|Win32.ActiveCfg = Common|Win32
		{1FCDC1F4-B983-4E5C-957E-3F3D649CA1C2}.System32|Win32.Build.0 = Common|Win32
		{DAC7628E-B26E-4612-B11A-514F8E76D0DE}.Common|Win32.ActiveCfg = Common|Win32
		{DAC7628E-B26E-4612-B11A-514F8E76D0DE}.Common|Win32.Build.0 = Common|Win32
		{DAC7628E-B26E-4612-B11A-514F8E76D0DE}.Debug|Win32.ActiveCfg = Common|Win32
		{DAC7628E-B26E-4612-B11A-514F8E76D0DE}.Debug|Win32.Build.0 = Common|Win32
		{DAC7628E-B26E-4612-B11A-514F8E76D0DE}.Release|Win32.ActiveCfg = Common|Win32
		{DAC7628E-B26E-4612-B11A-514F8E76D0DE}.Release|Win32.Build.0 = Common|Win32
		{DAC7628E-B26E-4612-B11A-514F8E76D0DE}.System32|Win32.ActiveCfg = Common|Win32
		{DAC7628E-B26E-4612-B11A-514F8E76D0DE}.System32|Win32.Build.0 = Common|Win32
		{623F86E0-0858-43E8-9859-540776302DDF}.Common|Win32.ActiveCfg = Common|Win32
		{623F86E0-0858-43E8-9859-540776302DDF}.Common|Win32.Build.0 = Common|Win32
		{623F86E0-0858-43E8-9859-540776302DDF}.Debug|Win32.ActiveCfg = Common|Win32
		{623F86E0-0858-43E8-9859-540776302DDF}.Debug|Win32.Build.0 = Common|Win32
		{623F86E0-0858-43E8-9859-540776302DDF}.Release|Win32.ActiveCfg = Common|Win32
		{623F86E0-0858-43E8-9859-540776302DDF}.Release|Win32.Build.0 = Common|Win32
		{623F86E0-0858-43E8-9859-540776302DDF}.System32|Win32.ActiveCfg = Common|Win32
		{623F86E0-0858-43E8-9859-540776302DDF}.System32|Win32.Build.0 = Common|Win32
	EndGlobalSection
	GlobalSection(SolutionProperties) = preSolution
		HideSolutionNode = FALSE
	EndGlobalSection
EndGlobal
